github.com/aws/aws-sdk-go-v2 v1.17.0 h1:kWm8OZGx0Zvd6PsOfjFtwbw7+uWYp65DK8suo7WVznw=
github.com/aws/aws-sdk-go-v2 v1.17.0/go.mod h1:SwiyXi/1zTUZ6KIAmLK5V5ll8SiURNUYOqTerZPaF9k=
github.com/aws/aws-sdk-go-v2/aws/protocol/eventstream v1.4.8 h1:tcFliCWne+zOuUfKNRn8JdFBuWPDuISDH08wD2ULkhk=
github.com/aws/aws-sdk-go-v2/aws/protocol/eventstream v1.4.8/go.mod h1:JTnlBSot91steJeti4ryyu/tLd4Sk84O5W22L7O2EQU=
github.com/aws/aws-sdk-go-v2/config v1.17.9 h1:PyqFD7DTmOx5gdvjFwZH2Tx0vivy+cJdM3SE3NVoWZc=
github.com/aws/aws-sdk-go-v2/config v1.17.9/go.mod h1:NGC2Ut1x1Gl+qBdh4uGdqRTDtk6f3qS8VQ45kEoyAvM=
github.com/aws/aws-sdk-go-v2/credentials v1.12.22 h1:HPig9ugqH7Eyf2aqNVAPOCp3L/N2vlQ/IiaTxwcrH8U=
github.com/aws/aws-sdk-go-v2/credentials v1.12.22/go.mod h1:XfHZqa+J1j2Am2GHrsWtg24tnkFkKxmWbWWel+W1zp0=
github.com/aws/aws-sdk-go-v2/feature/ec2/imds v1.12.18 h1:63dqlW4EI4nfhmXJOUqP0zIaGEHoRPn1ahLz8hUOWrQ=
github.com/aws/aws-sdk-go-v2/feature/ec2/imds v1.12.18/go.mod h1:O3tSoDcot3jy62HNmq7ms16dPHQMR6nqQxooj8T53tI=
github.com/aws/aws-sdk-go-v2/internal/configsources v1.1.24 h1:WFIoN2kiF95/4z4HNcJ9F9B0xFV0vrPlUOf3+uNIujM=
github.com/aws/aws-sdk-go-v2/internal/configsources v1.1.24/go.mod h1:ghMzB/j2wRbPx5/4jPYxJdOtCG2ggrtY01j8K7FMBDA=
github.com/aws/aws-sdk-go-v2/internal/endpoints/v2 v2.4.18 h1:c2RKF0UvfdVI6epHtFjDujlbiK+VeY85dP1i4gmYc5w=
github.com/aws/aws-sdk-go-v2/internal/endpoints/v2 v2.4.18/go.mod h1:fkQKYK/jUhCL/wNS1tOPrlYhr9vqutjCz4zZC1wBE1s=
github.com/aws/aws-sdk-go-v2/internal/ini v1.3.25 h1:q4TXoep+lPTJneYxlIdcBrlGmTrhfNwrfkdBt1+HqzA=
github.com/aws/aws-sdk-go-v2/internal/ini v1.3.25/go.mod h1:9uX0Ksj6Zmsd3iQIyVkwkPWUqhPF6TxT/t8zYwUiQEU=
github.com/aws/aws-sdk-go-v2/internal/v4a v1.0.15 h1:15q0OjFjny5qjCC8nI+4DH+MZFDC2/BtXxONBNnVZR8=
github.com/aws/aws-sdk-go-v2/internal/v4a v1.0.15/go.mod h1:t7/Pw0mlxveHXyfzEkGjzQ59Xu9xUmzOfxe1S52TJ8Q=
github.com/aws/aws-sdk-go-v2/service/acm v1.15.1 h1:NdJaf1nflFDqxtpeZPZMQZbPZAs98Iu0ex+I3ztmEdU=
github.com/aws/aws-sdk-go-v2/service/acm v1.15.1/go.mod h1:s4h/rfqD3dkf5u6lupdQGPsO2w/ePtmWuMeqbZEQ4OI=
github.com/aws/aws-sdk-go-v2/service/acmpca v1.18.2 h1:rG2SZrUJSHAZxD5EMx56e3f26TYtX2jNqUx1WnEUjnQ=
github.com/aws/aws-sdk-go-v2/service/acmpca v1.18.2/go.mod h1:eHys7JtyRMWk6lb8y61DEc/Vt9YUUMSb6KYYESa3/wM=
github.com/aws/aws-sdk-go-v2/service/amp v1.15.6 h1:Z/HT5RA9zujpaRn4ZS8CmMfhDOijHvo98QdxUgf3Sz0=
github.com/aws/aws-sdk-go-v2/service/amp v1.15.6/go.mod h1:wvtJ0AfXwmF+0uk/qSm3Yf+4/vd+aDwQ8LXYKBV/D58=
github.com/aws/aws-sdk-go-v2/service/appflow v1.18.1 h1:U3NE4bxsyLQA3uqHuIpjhrUpRcxLCZu890iXxtDMZ54=
github.com/aws/aws-sdk-go-v2/service/appflow v1.18.1/go.mod h1:guLo4xu8/Regt4Wf3YIMcpBTa6mObCFXIWG/0zg89pw=
github.com/aws/aws-sdk-go-v2/service/applicationautoscaling v1.15.19 h1:nN0ze+j/iKSjjP25eMTJ8iPtKmgsB/JWS4rs921bYX8=
github.com/aws/aws-sdk-go-v2/service/applicationautoscaling v1.15.19/go.mod h1:v/Jx2b9Mq8duj/EXOxdULFOTNJkENZBtPSNxc186n6o=
github.com/aws/aws-sdk-go-v2/service/applicationdiscoveryservice v1.14.10 h1:CrGAQjLWe22Y8gOitpnrzPjJCXnkhqrIpaKwYfTy0aQ=
github.com/aws/aws-sdk-go-v2/service/applicationdiscoveryservice v1.14.10/go.mod h1:AxvL0vTsFsX3C8MTSzkAAsP6PreqdOveJqLECYDgRsA=
github.com/aws/aws-sdk-go-v2/service/applicationinsights v1.16.13 h1:o27FHRhRCXoc4AGRd+vbj48K8AYGR+kgYJ/zC4u0ibk=
github.com/aws/aws-sdk-go-v2/service/applicationinsights v1.16.13/go.mod h1:oR7h1nQrjiMdjQF7eHc56cPl3wfdn/svLMYjUDF3KCg=
github.com/aws/aws-sdk-go-v2/service/appmesh v1.16.3 h1:dtq0W56L4vhM9vcM83Q+XbyUvLTE6PqAaBdUCUM+SJQ=
github.com/aws/aws-sdk-go-v2/service/appmesh v1.16.3/go.mod h1:qA5wgxpIlsEjVQ2X9okgP0+1sjaQRdB0Y6JxFCoO9do=
github.com/aws/aws-sdk-go-v2/service/apprunner v1.13.1 h1:LFyhJgoddfKIwoPSAJxTsA+uMGMi4MVF9ZHKHfBYvfo=
github.com/aws/aws-sdk-go-v2/service/apprunner v1.13.1/go.mod h1:1+c+aGpIgRurOvj14DPUnHkjssc7t296Ojb1Va5PN70=
github.com/aws/aws-sdk-go-v2/service/appstream v1.17.12 h1:PuXpcCJO8q80L6gQkKNSlOwAoYcPJtZkAEberxK8q/M=
github.com/aws/aws-sdk-go-v2/service/appstream v1.17.12/go.mod h1:NIog/he0keGwqUxYeBslcqQnGqXXhfNXIq1SEU5MUfk=
github.com/aws/aws-sdk-go-v2/service/autoscaling v1.23.17 h1:UNYxwAlZ34+La7z1/0mekwVDHxiV6yhHzS8qk7ZxQdY=
github.com/aws/aws-sdk-go-v2/service/autoscaling v1.23.17/go.mod h1:2cPuJPpkHv50Q9B02dSlx1ETPabMNNiPEwzu2eDAwks=
github.com/aws/aws-sdk-go-v2/service/autoscalingplans v1.12.18 h1:xsvg3CbbwbEpilwKSJS36zf1v8Wa57EAjkUfEGDU5W4=
github.com/aws/aws-sdk-go-v2/service/autoscalingplans v1.12.18/go.mod h1:QWUWf8pgaSpR/BEl80nAxSNwbjC6nHm5gBskuWu6w2g=
github.com/aws/aws-sdk-go-v2/service/backup v1.17.10 h1:aFkTF+z5cscQtH4PZL7K5fqiP4FUnsbkw+83AhTXBUg=
github.com/aws/aws-sdk-go-v2/service/backup v1.17.10/go.mod h1:TajX041ehwrTqp4taneQLNTWeOF9IouiTuS1Fq0/nWo=
github.com/aws/aws-sdk-go-v2/service/batch v1.18.17 h1:zNba18UlrjCQTFfRX/PTiTEvE+K4EmxSYmExo53hTyg=
github.com/aws/aws-sdk-go-v2/service/batch v1.18.17/go.mod h1:VJqkAQlAyk6rWjmF//LVXhzLSRdPIRB8QZpwxynrH04=
github.com/aws/aws-sdk-go-v2/service/budgets v1.13.12 h1:ethX6LIL4qCH9piz+3DTgkjeOgGObIiUaSsZ6xNKiu8=
github.com/aws/aws-sdk-go-v2/service/budgets v1.13.12/go.mod h1:5K51czN9Lw9BCafrQTef7LO0BPIVVzafFhkkIps8Qmk=
github.com/aws/aws-sdk-go-v2/service/chime v1.21.10 h1:8Ldbgyt+F/nxN61NvBt0MrsiuytsJWS3Sg60cZXfRR4=
github.com/aws/aws-sdk-go-v2/service/chime v1.21.10/go.mod h1:5UclQ1Zlw1HB6liEVMOT5SRI241E+eGmOrFtKErbkGo=
github.com/aws/aws-sdk-go-v2/service/chimesdkidentity v1.9.19 h1:3oq0PkCGGTCiqFtGBciZTkNK0MNm4xUZ0DjtnrUjJuU=
github.com/aws/aws-sdk-go-v2/service/chimesdkidentity v1.9.19/go.mod h1:9CzmxMhUfuRjT5NtM8f8bo8sHx+skKN4jBYF85YAejk=
github.com/aws/aws-sdk-go-v2/service/chimesdkmessaging v1.11.7 h1:49oLlbyDfRtVMOkg2l4TovzRTytIpSSe7OPSgq5LJg8=
github.com/aws/aws-sdk-go-v2/service/chimesdkmessaging v1.11.7/go.mod h1:DbhS/TGZfkhEVWQo45jWglNsrzrLFv361C65RCbfHR4=
github.com/aws/aws-sdk-go-v2/service/cloud9 v1.16.18 h1:YS3lAF3a5HXX5uMRgwBU+j/1BboaDFJfBW3RAKnN1ts=
github.com/aws/aws-sdk-go-v2/service/cloud9 v1.16.18/go.mod h1:htzhigWgIFmig2oJ1JMPWjl/3wiOW9xQ7L4KuNapyEM=
github.com/aws/aws-sdk-go-v2/service/cloudformation v1.22.11 h1:BCsaQjXAu98MxMI3ko6ydrEPLfkl0OqXlVmv1eqjpUQ=
github.com/aws/aws-sdk-go-v2/service/cloudformation v1.22.11/go.mod h1:7DTKdHCF+93jaD0k/XOa0hbIWJtlbz+/zbX9+eAS8XE=
github.com/aws/aws-sdk-go-v2/service/cloudfront v1.20.6 h1:MbPY2MDx74/q8VMUBonEGZrEE3nSC1CjgfOBK7tksus=
github.com/aws/aws-sdk-go-v2/service/cloudfront v1.20.6/go.mod h1:FWiy8pqZs4UuRlVlNxpCDS1lRh1Qyidh1xcg24k67SE=
github.com/aws/aws-sdk-go-v2/service/cloudhsm v1.12.19 h1:Zy+jEk9Y/GJtpKasv1fx6UlsLcBFKKpVj4SExJRow5k=
github.com/aws/aws-sdk-go-v2/service/cloudhsm v1.12.19/go.mod h1:GrMB2x97m9QOqs+D8ggIX7VJ3r3M2AswO8x2zKbM5D8=
github.com/aws/aws-sdk-go-v2/service/cloudhsmv2 v1.13.20 h1:KzTwKt43ichaDreZUOZ4/g/JP/EexAdNd+H0Zid3bdU=
github.com/aws/aws-sdk-go-v2/service/cloudhsmv2 v1.13.20/go.mod h1:5hdPhMGNumy6odhmA1EjGJ347NF1zRZWqxs/DVn7GZ4=
github.com/aws/aws-sdk-go-v2/service/cloudsearch v1.13.18 h1:M8VDZyhH4gqv3JOCSNbxR6iyJdEU0X+H9E8SOQynMaM=
github.com/aws/aws-sdk-go-v2/service/cloudsearch v1.13.18/go.mod h1:MDpVkaZPsNqt19iWudnOxzLUTuDA+uqUz98uMcHNeRs=
github.com/aws/aws-sdk-go-v2/service/cloudtrail v1.19.1 h1:MvowO2iiy2oKDGxFMe9ZnNxs5uKiIP3x1NThF9/dLns=
github.com/aws/aws-sdk-go-v2/service/cloudtrail v1.19.1/go.mod h1:VcHQDIdzSaBM9l0RMG0Eu7n92rnWMgl5JPanjvwcdJk=
github.com/aws/aws-sdk-go-v2/service/cloudwatch v1.21.7 h1:zQgiD0fKCqkha/WatmcEjTdf15GKk0gVEYw7k6s1yzA=
github.com/aws/aws-sdk-go-v2/service/cloudwatch v1.21.7/go.mod h1:Qznc8/leivamWLiDAjnQnjNGxtcSFUN1oCLP4To8Kwg=
github.com/aws/aws-sdk-go-v2/service/cloudwatchevents v1.14.20 h1:i4NpfNi7+PTbpdkkO7utsqX05iWG1A4GQw9HlBJe0X8=
github.com/aws/aws-sdk-go-v2/service/cloudwatchevents v1.14.20/go.mod h1:hHLmVxbqg9DIk0tYtUQVo/HC1aqMLD8fnj2W+5FOTII=
github.com/aws/aws-sdk-go-v2/service/cloudwatchlogs v1.15.21 h1:hQOwxMjDiIuRzJp7nWrP2e+pbvfZhnI0QsBN6Gt1XxA=
github.com/aws/aws-sdk-go-v2/service/cloudwatchlogs v1.15.21/go.mod h1:QUjCE/U+2ZasJCP9aNgoMv6sZbWavjce6ti4bULZ05g=
github.com/aws/aws-sdk-go-v2/service/codeartifact v1.13.10 h1:nsMRbtzDskbMBTB0QALUJiGUA2A6kd2336hMHajQhhw=
github.com/aws/aws-sdk-go-v2/service/codeartifact v1.13.10/go.mod h1:0JZW6KY0F0hWEtgY8zmetAbR+AIpeNUpouOWjWRUzI0=
github.com/aws/aws-sdk-go-v2/service/codebuild v1.19.18 h1:vDEA8i9rLLw6S/LeIwKRH70+CXjQcK9+HLZASimnpY0=
github.com/aws/aws-sdk-go-v2/service/codebuild v1.19.18/go.mod h1:XQNV0Ts2AVi7kIlAqx77a8S4NT+McubrVtH1Xx/GJOU=
github.com/aws/aws-sdk-go-v2/service/codecommit v1.13.18 h1:uhTfzgirzt9jQYpEvGuZZnXwibSbn/pmo4qHK8vbkoQ=
github.com/aws/aws-sdk-go-v2/service/codecommit v1.13.18/go.mod h1:SaKD1MPEcvUW2cBEKHorghH5groBl6Ap2qcgH7yDtTI=
github.com/aws/aws-sdk-go-v2/service/codeguruprofiler v1.12.18 h1:itTpSaACYvN4DR4EIcGMDH6H6C0XgtdbrvgpnGsm3CQ=
github.com/aws/aws-sdk-go-v2/service/codeguruprofiler v1.12.18/go.mod h1:OAQJU8/mRIk0JuTfshHahiekKm8oLt9m027XOJxxQFg=
github.com/aws/aws-sdk-go-v2/service/codegurureviewer v1.16.16 h1:9zQilpYOw9QEvfnpYIAThZ/w5ft1P+DhbU8tCmQnYus=
github.com/aws/aws-sdk-go-v2/service/codegurureviewer v1.16.16/go.mod h1:aTg+OC6ZSt76mSUhyp5iuwtINmUubsyjm52gyeT/Wtw=
github.com/aws/aws-sdk-go-v2/service/codestar v1.12.2 h1:/v30yrb+nQif+8MwkZq9dQMWUIFhm2sWJ+oAugFj7hs=
github.com/aws/aws-sdk-go-v2/service/codestar v1.12.2/go.mod h1:+BgsM56sCzhEU5oe9c6HYwCiN5Xbnt0hFkWruvLNbrg=
github.com/aws/aws-sdk-go-v2/service/codestarnotifications v1.13.3 h1:AAK22B5QdV0A6lrMxos/wFTgn5WurqI0UuCXRpJK3jE=
github.com/aws/aws-sdk-go-v2/service/codestarnotifications v1.13.3/go.mod h1:Tss+o1RsO4TcfpKr5r2z91FCSvyzEdZCA1YwkszvxIo=
github.com/aws/aws-sdk-go-v2/service/cognitoidentity v1.14.2 h1:bqn0EdCtsUHYIIqmgOjgHobSpZKrSuaLIYTmZ4//Zu0=
github.com/aws/aws-sdk-go-v2/service/cognitoidentity v1.14.2/go.mod h1:DbvHV4h92isbaRe3rLd/m4pAv1Ee0Xzd5tgsaysDU9M=
github.com/aws/aws-sdk-go-v2/service/cognitoidentityprovider v1.21.0 h1:GP+SSEpoh6e2gfQZWycGrVi75PKRPTYv0Nw+wTQRySs=
github.com/aws/aws-sdk-go-v2/service/cognitoidentityprovider v1.21.0/go.mod h1:HVpKlhd58UXuS4mbFPokjK4M9wF3w/JYyg7B3Yk8dqo=
github.com/aws/aws-sdk-go-v2/service/cognitosync v1.11.18 h1:uix7YnNeyxjS67z45R39eZR039O1RA6I4UWxch+dKTk=
github.com/aws/aws-sdk-go-v2/service/cognitosync v1.11.18/go.mod h1:0NS8skmPgfMM4EKYNVcL34/GigL21By+zjmOqBL12Oo=
github.com/aws/aws-sdk-go-v2/service/comprehend v1.19.1 h1:1/aqLtHWzvsKGOi/l2xzlrCNpt3NQoi+7zPXZ7Dpykk=
github.com/aws/aws-sdk-go-v2/service/comprehend v1.19.1/go.mod h1:1lrYQr3AF4zbYqxbApXFgtEmVoTS7VAOEp/X2tTb+P8=
github.com/aws/aws-sdk-go-v2/service/comprehendmedical v1.13.18 h1:O7tktFWmUBdY/exWnE2oUhH9woKFevfzu+moWwxrXP0=
github.com/aws/aws-sdk-go-v2/service/comprehendmedical v1.13.18/go.mod h1:3EqACjuNZt//CrMd2GtlPJoa961tBJHwViXZMv+eaZw=
github.com/aws/aws-sdk-go-v2/service/computeoptimizer v1.17.20 h1:hDGOvV4Fq8WEIIlEtokMRDzefpYAOri1gwGeeVPFw4w=
github.com/aws/aws-sdk-go-v2/service/computeoptimizer v1.17.20/go.mod h1:DWTMzEf4gIJWG+OLX/q7dIV3h44h042e7lHynB7xgjg=
github.com/aws/aws-sdk-go-v2/service/configservice v1.27.1 h1:dzGghBk7in5aLe835xLqankWfguRRHUjH2MNZbcfUJs=
github.com/aws/aws-sdk-go-v2/service/configservice v1.27.1/go.mod h1:kSPx30m2iMTlXg2BvEyqEDcX9CfGa/XHwpytQOOAM/Q=
github.com/aws/aws-sdk-go-v2/service/connect v1.33.1 h1:4mkGTfc2h2Z3Lef35jVAYg+RDBy6qTPpqV8T00Zb/AI=
github.com/aws/aws-sdk-go-v2/service/connect v1.33.1/go.mod h1:1+zdYT4nigdtwgNSZy50sjrCawpV/PENjv+CgAdmzyg=
github.com/aws/aws-sdk-go-v2/service/connectcampaigns v1.1.7 h1:leHRRdoQpoBuDaRio6NqJaQGaptsE5jHinpilgAAnFA=
github.com/aws/aws-sdk-go-v2/service/connectcampaigns v1.1.7/go.mod h1:jBoE++xAblz9KZ45KsCz48K6eovzol1GI9FZV+fMavQ=
github.com/aws/aws-sdk-go-v2/service/costandusagereportservice v1.14.1 h1:ul7MCeslVkZH6DkXxcu2p7bQB5xonmYEtbIbP7N1ff0=
github.com/aws/aws-sdk-go-v2/service/costandusagereportservice v1.14.1/go.mod h1:2mvdVx4IWjbjYG1q8ka3rLMxfCHVcnJIhjZlD2DdauE=
github.com/aws/aws-sdk-go-v2/service/costexplorer v1.21.1 h1:klKoTsupEHq1/FVEob35Z9SIjv5Rhur0+gOtx0yB5ss=
github.com/aws/aws-sdk-go-v2/service/costexplorer v1.21.1/go.mod h1:CXgFmSt98liFoq86EJtVmVxAT6MfZYNq9mDsglpwh2Y=
github.com/aws/aws-sdk-go-v2/service/databasemigrationservice v1.21.13 h1:Ml+tZCd20jCM5djVy+ZkCycjGEPx5ttrncY/WY5WiaY=
github.com/aws/aws-sdk-go-v2/service/databasemigrationservice v1.21.13/go.mod h1:Thr8L8lVlVUhjorIqjduU6WXcJJRso0Vm1hwe5pgOLA=
github.com/aws/aws-sdk-go-v2/service/databrew v1.20.15 h1:syTlAh/ZF3dBcqnmQsxlpjBRIipLWMb4G42lWygljZE=
github.com/aws/aws-sdk-go-v2/service/databrew v1.20.15/go.mod h1:os6R2pDdKDeXczSSoG6yc3YxqXqibc1RHyhYyX3nDMc=
github.com/aws/aws-sdk-go-v2/service/datapipeline v1.13.18 h1:sJuCKnvNh9J1atBkiVhCe4IQBKs7N4y6fIQFc0UE1uw=
github.com/aws/aws-sdk-go-v2/service/datapipeline v1.13.18/go.mod h1:CZ37AME3iNWbthyhbACwJBtdS/Ir6DIkUZQQGKdaC6Q=
github.com/aws/aws-sdk-go-v2/service/datasync v1.18.13 h1:Haq0iA80GhB9CP8c/LudhZ8efeTqF2z94Sm0HDaMlws=
github.com/aws/aws-sdk-go-v2/service/datasync v1.18.13/go.mod h1:+enD/CCHNbXxLzXI7QUJpx+mh916627QQU5/xVbbzzw=
github.com/aws/aws-sdk-go-v2/service/dax v1.11.18 h1:YQEhxyAOBbe20VJwri3T7/bft7hJ9+6v/t9TKhWtaEU=
github.com/aws/aws-sdk-go-v2/service/dax v1.11.18/go.mod h1:Gf1esv7tBdhz7mhsxB9wHBBxEYfD50sOL8VwXcbZ4zU=
github.com/aws/aws-sdk-go-v2/service/detective v1.16.10 h1:3SKhJSa+gnQzSdgK2xp0bQNr8VNlPFnnltp+8rpf72Q=
github.com/aws/aws-sdk-go-v2/service/detective v1.16.10/go.mod h1:xCdkT/fd6gpKlIqMrYqgYsQL23f4PPeqmsKXS3s+gls=
github.com/aws/aws-sdk-go-v2/service/devopsguru v1.20.1 h1:YlX8scaO4JzMi2s+2byRnJHFCaWVF4f3dyA3nxarxqQ=
github.com/aws/aws-sdk-go-v2/service/devopsguru v1.20.1/go.mod h1:tEiuki68sZqlD2JKlZRAm8/7UcVfKXUie4X26EP0YFQ=
github.com/aws/aws-sdk-go-v2/service/directconnect v1.17.19 h1:kmRiFNkwZqaH72e4pnkxX5i8EtEWB78tGYDQHvZ3AI4=
github.com/aws/aws-sdk-go-v2/service/directconnect v1.17.19/go.mod h1:YDXcSUmHuUj1wj/N+2mKoNH9AHbuH8Oo/BepT7qnUoE=
github.com/aws/aws-sdk-go-v2/service/directoryservice v1.15.1 h1:jvLPCvdl/RVtrKDpX7Z9t1fzGgMbMcgYkZnDZymwuRY=
github.com/aws/aws-sdk-go-v2/service/directoryservice v1.15.1/go.mod h1:H50tLJiVSU7Itw9UjIjuUSRk1rymH2Mv8uOUjGp+eRM=
github.com/aws/aws-sdk-go-v2/service/docdb v1.19.12 h1:jFPsurdWcT5xNMERiUxKlUgcbCOfyphfS8JsXKI+gpQ=
github.com/aws/aws-sdk-go-v2/service/docdb v1.19.12/go.mod h1:kGx3T3Dh8cQlT/+NpoMbJSHk/VaKntWe2PsowPkBJr0=
github.com/aws/aws-sdk-go-v2/service/drs v1.8.3 h1:/mqpv1eSJeu+68MGE9U4zpZ/d6Pd/uFg5HVE1/KXIsg=
github.com/aws/aws-sdk-go-v2/service/drs v1.8.3/go.mod h1:Ys2rC+5KL5CH16DOyqiV7jnHKjwtjIl+m6T3JEXJpEY=
github.com/aws/aws-sdk-go-v2/service/dynamodb v1.17.2 h1:lk2RfzXiAS+UTRnKKqeh9/ZIl7LbruK6OYjaKhityFA=
github.com/aws/aws-sdk-go-v2/service/dynamodb v1.17.2/go.mod h1:flQldzutaG4+kCY8rS/GXR3sWLK5OYZlNLhY6aQMx08=
github.com/aws/aws-sdk-go-v2/service/dynamodbstreams v1.13.21 h1:2Ah8JohKyKa1N1mcQxJwonxBJ+H94cw1D5KvcRmkQqk=
github.com/aws/aws-sdk-go-v2/service/dynamodbstreams v1.13.21/go.mod h1:3rT48WsCOf3Ch5sfZKy2jHTY5jUy+mveuRcPpy1PsTU=
github.com/aws/aws-sdk-go-v2/service/ec2 v1.63.2 h1:gqpc3BU2YV0mbrLwFPbS1asE00jyxT7FrjoOEAc5Z/o=
github.com/aws/aws-sdk-go-v2/service/ec2 v1.63.2/go.mod h1:dLzDuuVAoRun6jMAqPm2HykFJvgt5Ll1IAl4WmwQ8s4=
github.com/aws/aws-sdk-go-v2/service/ecr v1.17.19 h1:J7DOTOeW3Ysz7sWg9G7ZJJGP/zoW27OV2Fb4yY12yV8=
github.com/aws/aws-sdk-go-v2/service/ecr v1.17.19/go.mod h1:WVg5zwgbLqkaQp9zKu4In/ekcJsEW8VC0iN8/rnrRlU=
github.com/aws/aws-sdk-go-v2/service/ecrpublic v1.13.18 h1:t6sBJD+s7QbiF9NPnpNxIkJ7fzLlpta8R5jwf0RIIeU=
github.com/aws/aws-sdk-go-v2/service/ecrpublic v1.13.18/go.mod h1:aFXLMiiMhjMN9CpQl4VFruBcG2vMjt5dThjio+0qVNs=
github.com/aws/aws-sdk-go-v2/service/ecs v1.18.25 h1:XmXEroZT3/Fv9HJbRCPCDrHnU9oT3RbOUNggkqdJKGk=
github.com/aws/aws-sdk-go-v2/service/ecs v1.18.25/go.mod h1:Fkeoss0jmBx6tz0pXhf7u3EolD1ofcV7vD4EGbmMA9s=
github.com/aws/aws-sdk-go-v2/service/efs v1.17.17 h1:IAusAkww/OX0Sd/RrWZGvOtwqqKCRg1hHa5gKydlOHY=
github.com/aws/aws-sdk-go-v2/service/efs v1.17.17/go.mod h1:57ItDBYHa98p2OOKaix4zSqhgLA3SZ91phaoPbelyto=
github.com/aws/aws-sdk-go-v2/service/eks v1.22.2 h1:4PL050E3fIDMT82puJZTkZIMuYyec9mCJ0Sgc8N9+so=
github.com/aws/aws-sdk-go-v2/service/eks v1.22.2/go.mod h1:G+gfImQ9cRCer5MlytWLYUC+HgP8e396FOhsRkmKP6w=
github.com/aws/aws-sdk-go-v2/service/elasticache v1.22.11 h1:ckVDBZM0T/OLFn6T9v69iSGEbJK1VinfVSOYLgQV/cI=
github.com/aws/aws-sdk-go-v2/service/elasticache v1.22.11/go.mod h1:ddS8vV5TKudXRg0tocfZsD0vyaChAsVAtObQleGxH8k=
github.com/aws/aws-sdk-go-v2/service/elasticbeanstalk v1.14.19 h1:VClm6NWcZ5o0Fdy0BpUZYXO9mUbvQmAVQp2U/T9Iq2k=
github.com/aws/aws-sdk-go-v2/service/elasticbeanstalk v1.14.19/go.mod h1:Q8r4Cjy+Oz+VsN3tN31Hx4ajQUHi4QgRpefoaurobOs=
github.com/aws/aws-sdk-go-v2/service/elasticinference v1.11.18 h1:tKXBw8jJR6V6koPapssjM6m4gmiUAWOCaupYGuF/Nsw=
github.com/aws/aws-sdk-go-v2/service/elasticinference v1.11.18/go.mod h1:ZBFCXKnSu0sptMWQip6w3Hx4h31MZ6UHJvp7O4/04xw=
github.com/aws/aws-sdk-go-v2/service/elasticloadbalancing v1.14.19 h1:LJsjjdI4eSPMazRiUL/CLb81E5YUH2RvfSLKt91GsME=
github.com/aws/aws-sdk-go-v2/service/elasticloadbalancing v1.14.19/go.mod h1:3UJa/BGICGHMljAWI1NRQqk9tEtvA1ZyoyfsNPYCLLs=
github.com/aws/aws-sdk-go-v2/service/elasticloadbalancingv2 v1.18.21 h1:bKnKpB8pRBGczC8GqKdZuXK1+fa+Cz3jZOWfp/R4bGc=
github.com/aws/aws-sdk-go-v2/service/elasticloadbalancingv2 v1.18.21/go.mod h1:HU+wcatcklGhNeBDAYmBI3IujHu1d7A9fWX+juhdxxg=
github.com/aws/aws-sdk-go-v2/service/elasticsearchservice v1.16.11 h1:t3iFB+qfa+w5590FHSMdNgc2Bc7PdSk7O7f930cXaOE=
github.com/aws/aws-sdk-go-v2/service/elasticsearchservice v1.16.11/go.mod h1:YI14Ix1cJqbs4C7qfbmNXUkLemN9taNx5Xh1gzaR/+Y=
github.com/aws/aws-sdk-go-v2/service/emr v1.20.12 h1:ACtaGHM8k/PWbvbPRWkwzje0K4yXLBotLLLWrP7B6NU=
github.com/aws/aws-sdk-go-v2/service/emr v1.20.12/go.mod h1:oF6z/jVA0XMPTUtoGhl85lcuDszgTpTQ8Ki85020hbQ=
github.com/aws/aws-sdk-go-v2/service/emrcontainers v1.14.2 h1:nGfK/aoA658K1zNwEPcog40qdWEqcCBMdt62Rm/IDuE=
github.com/aws/aws-sdk-go-v2/service/emrcontainers v1.14.2/go.mod h1:zgm23SY/q2E2WNZud5Tg3dXO3sMmOijmg5I6GFu+9gk=
github.com/aws/aws-sdk-go-v2/service/eventbridge v1.16.16 h1:RpmjeedoNANnMuIV69LUj2oh3b3yRHsF+j5OHf8ydI4=
github.com/aws/aws-sdk-go-v2/service/eventbridge v1.16.16/go.mod h1:nbMXy4cDXX6PEm4C9gETYXwSGh42pNRFNK+xvKL+j68=
github.com/aws/aws-sdk-go-v2/service/firehose v1.14.20 h1:Ll8locsU3cUA4GwRzAyfvqqY3+Uq2pC0XDAQNK1ECos=
github.com/aws/aws-sdk-go-v2/service/firehose v1.14.20/go.mod h1:PIuFj9L5wWzTL/sP8EEnBspoXAQv2cWiPSb3jYnCmqE=
github.com/aws/aws-sdk-go-v2/service/forecast v1.23.6 h1:75BSKHAWfvWsJhtyHfzCG2Hk1lBLpgozBaVoIha8JBs=
github.com/aws/aws-sdk-go-v2/service/forecast v1.23.6/go.mod h1:XLH3ITNautGU2ISFVeLvaEgI0CV+sXGaXrOB2fqSf1M=
github.com/aws/aws-sdk-go-v2/service/frauddetector v1.20.11 h1:hRtzP3NcrF6C6IN8Usk+6ChdkpF5jb5vpYMxFFDRV/M=
github.com/aws/aws-sdk-go-v2/service/frauddetector v1.20.11/go.mod h1:dHWfe0TpT5dmGVPdgyKs4UzGe2ffPkaHGZdctCVHwiU=
github.com/aws/aws-sdk-go-v2/service/fsx v1.25.2 h1:rXT7foF6PJwqdgJGJ+sUMXGMZW2033CYA3zXuzhKSZY=
github.com/aws/aws-sdk-go-v2/service/fsx v1.25.2/go.mod h1:WwqQpUFiVVdVU9F7SiiPTjp3ZR4W5obyZIhZN/5Sne4=
github.com/aws/aws-sdk-go-v2/service/gamelift v1.15.6 h1:mTyONidRIifXtoU9iKqal7+tT7ISDkSFx/v4+K/YmTA=
github.com/aws/aws-sdk-go-v2/service/gamelift v1.15.6/go.mod h1:oMhyGB3Y0uN/faLc70yrWiwCHIwgWW3Cchcp/wDVbgs=
github.com/aws/aws-sdk-go-v2/service/glacier v1.13.18 h1:J8HFJpCWep5y+aJuoYLG6l5ZilH6QN2zsW/iVymrnHE=
github.com/aws/aws-sdk-go-v2/service/glacier v1.13.18/go.mod h1:qIlb6EILP0YOJObYj7/vF2Hp/ELwy4rgbZxmm3XI7jk=
github.com/aws/aws-sdk-go-v2/service/globalaccelerator v1.15.1 h1:AF5KXXs4G93Cscfi3nzSNTexQo7lo7BEnEPBpZ1QqQw=
github.com/aws/aws-sdk-go-v2/service/globalaccelerator v1.15.1/go.mod h1:VwZqjHd/PrktGvHQonbtqE54xRn4ki1NOxPy4s2KyRY=
github.com/aws/aws-sdk-go-v2/service/grafana v1.9.14 h1:+AXhs9xjLgxzJCR0UTuB64W2Vx7zi1vHrQcPJlOBWyY=
github.com/aws/aws-sdk-go-v2/service/grafana v1.9.14/go.mod h1:Ci8OZ0LbDsQayDMlklwbaNO/QaG/iVYRkkJnEgsEIgg=
github.com/aws/aws-sdk-go-v2/service/greengrassv2 v1.19.1 h1:FDigJTGV81lglT2kgQ8M/JcXr01s6TDLpd5ym0noan8=
github.com/aws/aws-sdk-go-v2/service/greengrassv2 v1.19.1/go.mod h1:CFbOqMPwRDVZ/YC5Z97zpmT5dZb980VsxjewDhI70do=
github.com/aws/aws-sdk-go-v2/service/groundstation v1.13.19 h1:6wRv4qeY+F67C1nGMhXNKoHW7Mcl4SRZ3kAC+XnHDM8=
github.com/aws/aws-sdk-go-v2/service/groundstation v1.13.19/go.mod h1:3Ridr56yRZske3/wSRS6Ayjt9nN4jC/Nv8Oibzbx0NY=
github.com/aws/aws-sdk-go-v2/service/guardduty v1.16.1 h1:eXanzx8wJn0T332Rg0y2YFZPAbvNFZOY7+TJbHSjbg8=
github.com/aws/aws-sdk-go-v2/service/guardduty v1.16.1/go.mod h1:mU24GzL2cy024ssg2iIT3hBE++jZQ6fyJNL8cNX9+1o=
github.com/aws/aws-sdk-go-v2/service/health v1.15.21 h1:Yt86y6wn8IFNYaQH3UnTwk/pym3Bpp5g9uSkRufm9xs=
github.com/aws/aws-sdk-go-v2/service/health v1.15.21/go.mod h1:8FzVoO2VPw4G9+PtSfYTzIvYo0/CbRJ+fDeINdehLsA=
github.com/aws/aws-sdk-go-v2/service/healthlake v1.14.18 h1:2mN4P93AFDUqyblm+49Iww3SFUi/r1EDonL3t0PTi0g=
github.com/aws/aws-sdk-go-v2/service/healthlake v1.14.18/go.mod h1:lfvU9Oqr6qUHKkHKEeO8pWttxC2GNPiwkxHxlWWHK2s=
github.com/aws/aws-sdk-go-v2/service/honeycode v1.12.18 h1:yUEgucRmzJFWA/rrnDDCW6RcNEujEctv3BxTYpnkHcw=
github.com/aws/aws-sdk-go-v2/service/honeycode v1.12.18/go.mod h1:9+VERBI6RR0vQQFzL0a3ziFY3PwfQc45C05LQsIjDcQ=
github.com/aws/aws-sdk-go-v2/service/identitystore v1.15.6 h1:UwgEG6GLl6POylk+dxLZCkF6zCcqdBKHLSLT2sA7eyU=
github.com/aws/aws-sdk-go-v2/service/identitystore v1.15.6/go.mod h1:DmugVuqZh7HDRch7RExM2DhLSYxNUy3iNCakbKXSAhg=
github.com/aws/aws-sdk-go-v2/service/inspector v1.12.18 h1:qdujvLbQbRIPexTGB7YbIMmKfqB7gtjRXvhzuV0oKgU=
github.com/aws/aws-sdk-go-v2/service/inspector v1.12.18/go.mod h1:v2DBANrG09U3KxDs4yLN7zELgE51aST327bIRLiO6rE=
github.com/aws/aws-sdk-go-v2/service/inspector2 v1.8.2 h1:OHFenYcI493AtA6Tr5g+MVJ2ZySyDwIsIgEEYb4cS3c=
github.com/aws/aws-sdk-go-v2/service/inspector2 v1.8.2/go.mod h1:VeMiCbdELknpc1lpsyxZIVd/823TmRt65gswu34IWfs=
github.com/aws/aws-sdk-go-v2/service/internal/accept-encoding v1.9.9 h1:Lh1AShsuIJTwMkoxVCAYPJgNG5H+eN6SmoUn8nOZ5wE=
github.com/aws/aws-sdk-go-v2/service/internal/accept-encoding v1.9.9/go.mod h1:a9j48l6yL5XINLHLcOKInjdvknN+vWqPBxqeIDw7ktw=
github.com/aws/aws-sdk-go-v2/service/internal/endpoint-discovery v1.7.18 h1:1cf2lIsEBLWHg3PM9jeTq1XfYjBS4JY6BHzXGIfRavE=
github.com/aws/aws-sdk-go-v2/service/internal/endpoint-discovery v1.7.18/go.mod h1:TmFM/PoKmBJTfE4c3cAyDqY+D/STc99HdL+Q+89cTK8=
github.com/aws/aws-sdk-go-v2/service/internal/presigned-url v1.9.18 h1:5oiCDEOHnYkk7uTVI8Wv6ftdFfb6YlUUNzkeePVIPjY=
github.com/aws/aws-sdk-go-v2/service/internal/presigned-url v1.9.18/go.mod h1:QtCDHDOXunxeihz7iU15e09u9gRIeaa5WeE6FZVnGUo=
github.com/aws/aws-sdk-go-v2/service/internal/s3shared v1.13.18 h1:sk9Z5ZwZpLGq3q8ZhOsw8bORT2t8raWPsFrq/yMMbZ0=
github.com/aws/aws-sdk-go-v2/service/internal/s3shared v1.13.18/go.mod h1:O1mfO/JzWKUNujOAqD39r7BXqlvhjh/JiPnQ97tvQMc=
github.com/aws/aws-sdk-go-v2/service/iot v1.29.2 h1:PkTPjg4QkVkdN4zM5P7YWAy45RAuUaQLEYoDkgSZetk=
github.com/aws/aws-sdk-go-v2/service/iot v1.29.2/go.mod h1:63TqquCCLQ8TzHS7n4Yq0+5OZML5O/nPrB36uTyqsTE=
github.com/aws/aws-sdk-go-v2/service/iot1clickdevicesservice v1.10.18 h1:bdW+H16LK94N/bAkLmj41G+vNVRhKI6NMelKcONga9s=
github.com/aws/aws-sdk-go-v2/service/iot1clickdevicesservice v1.10.18/go.mod h1:lkMjNSWwvhZ5UqNhR3Lkt7JQ5ahncl0nhCQfGsiBAuQ=
github.com/aws/aws-sdk-go-v2/service/iot1clickprojects v1.11.18 h1:+SBKwvumUqB/Dsk/hDbhw/OgckF9l42GdRbVXl4HXho=
github.com/aws/aws-sdk-go-v2/service/iot1clickprojects v1.11.18/go.mod h1:RcpavfzqWlfxSETtIWArrRsRgrQFHx1864OAAK8rvUk=
github.com/aws/aws-sdk-go-v2/service/iotanalytics v1.13.2 h1:uXcoCeZMz/iFcC0IPBfk++Iz3S9ulrxqGtgNoJ1Zu6I=
github.com/aws/aws-sdk-go-v2/service/iotanalytics v1.13.2/go.mod h1:Uj/P8iFiRPAYeZNemP7eRSpXKJoz8KCal2pxAXRaAkI=
github.com/aws/aws-sdk-go-v2/service/iotevents v1.14.20 h1:itq+xe85VKWwQ81NBX8KcMBAH41Ww4DAHii4sNpU0Ns=
github.com/aws/aws-sdk-go-v2/service/iotevents v1.14.20/go.mod h1:3FLf2y9qUgOlg5IKOCl/Pd47XsEi7DJ9vRd1Uc/dHuE=
github.com/aws/aws-sdk-go-v2/service/ioteventsdata v1.12.13 h1:a2z/4SnmFa2ub21quDu1LJbFK9Z9YxyUfKMhve4FTtY=
github.com/aws/aws-sdk-go-v2/service/ioteventsdata v1.12.13/go.mod h1:JBVtF4drWvrMWd7ncG3MsXd2pKbZqQUuklYHEm5sDHA=
github.com/aws/aws-sdk-go-v2/service/iotfleethub v1.12.18 h1:ldgiE8vQOfCD+VeD4awMeuMWp5nTdV2sXxLJ0rpEtAI=
github.com/aws/aws-sdk-go-v2/service/iotfleethub v1.12.18/go.mod h1:5pVnl32yriMAaktinyO7nTb65QWmgChToeRaKceJ+ec=
github.com/aws/aws-sdk-go-v2/service/iotjobsdataplane v1.11.18 h1:lJn7BlNdNtX1z4VH0JPE7qy6a0uu0U6jjKpaylhNb44=
github.com/aws/aws-sdk-go-v2/service/iotjobsdataplane v1.11.18/go.mod h1:La61m1JvztyJlGOMct1NdZKq9uwVi9jwMTEdhny8XU0=
github.com/aws/aws-sdk-go-v2/service/iotsecuretunneling v1.14.2 h1:lskvxGKr37zpMB4yQSANE74T7hQsSYZV2jSQKxNXFg8=
github.com/aws/aws-sdk-go-v2/service/iotsecuretunneling v1.14.2/go.mod h1:f22GAWPdWWmAVoQ81/LgQWawDjWpux0am5o2BlXXQ04=
github.com/aws/aws-sdk-go-v2/service/iotsitewise v1.25.2 h1:lcJX5aD0rEhO5EE3g0MrCM01i/6gsXx0TG+jOLNneT0=
github.com/aws/aws-sdk-go-v2/service/iotsitewise v1.25.2/go.mod h1:S98hFA5nBcVSukdL6R1+HeLh89Jgz8pfgMKmec+N/P4=
github.com/aws/aws-sdk-go-v2/service/iotthingsgraph v1.13.4 h1:e180/tSj7A996jzU67O30iY8uvPYqyhqVBHgv4VjK0I=
github.com/aws/aws-sdk-go-v2/service/iotthingsgraph v1.13.4/go.mod h1:xO21p886stpRf2rr5zk3UgkfDzV0cF+jF/xM3CUokYE=
github.com/aws/aws-sdk-go-v2/service/kafka v1.17.20 h1:8HQeSmxzK3WezLi24xVJwSdgjPuam61VeDpMFu4Kv+8=
github.com/aws/aws-sdk-go-v2/service/kafka v1.17.20/go.mod h1:8aONwI7uGQkGWNyeN817QwvMuXeGozMglqefycKKJxk=
github.com/aws/aws-sdk-go-v2/service/kafkaconnect v1.8.18 h1:PlGkePuPILpY2U89mRV9/TEeCgbqd4xEIQ0jvvlVTMQ=
github.com/aws/aws-sdk-go-v2/service/kafkaconnect v1.8.18/go.mod h1:X9KCWcej5zBDH4LKYB14Jku4uu0u8RFdGy0jR7zvANg=
github.com/aws/aws-sdk-go-v2/service/kendra v1.35.1 h1:i7y7NPNtrHYF/ADNvrHN70R+QGQBisHCyCMSiqgMybM=
github.com/aws/aws-sdk-go-v2/service/kendra v1.35.1/go.mod h1:SgjlUqn4ZHYFLzgnkWqO8SdNaDWvAubOU+Gafdbw/3M=
github.com/aws/aws-sdk-go-v2/service/kinesis v1.15.20 h1:ZU/MpeEQM4QsPnqgRU1SNyHYGxYyaK2mB00bD4aNctI=
github.com/aws/aws-sdk-go-v2/service/kinesis v1.15.20/go.mod h1:c8VLnUKDZy31PDuyN+NYlYLKOd4XQZlulsLoObqA5t4=
github.com/aws/aws-sdk-go-v2/service/kinesisanalytics v1.13.19 h1:ZtmD32wxmDJZGazvXJfunf8PrY+mGolk5+OAjcgUeSo=
github.com/aws/aws-sdk-go-v2/service/kinesisanalytics v1.13.19/go.mod h1:NsAF+ti6gO4brLi0N89p1p5Tqxdo6J4NwKLDoNbnLqM=
github.com/aws/aws-sdk-go-v2/service/kinesisanalyticsv2 v1.14.19 h1:+NEjXazEGaVBtPOfb1Vcxk99e5MUQ9G2U4R7hqGNvj4=
github.com/aws/aws-sdk-go-v2/service/kinesisanalyticsv2 v1.14.19/go.mod h1:fqOdjAAmPFt3geuKK6hKNacibC1nBKamQqnKqXvh784=
github.com/aws/aws-sdk-go-v2/service/kinesisvideo v1.12.15 h1:rfruNCR99Tesh+b2c5jNy4o4Zk0de1T9t2DO1VmRMOI=
github.com/aws/aws-sdk-go-v2/service/kinesisvideo v1.12.15/go.mod h1:3NlqRNwVgS9Ey7lWFOdCjrlOUu+T0jwzVa55yBDCOg8=
github.com/aws/aws-sdk-go-v2/service/kms v1.18.14 h1:D6H2nkTpoDNLvZzFd8gvbp7nqHmPq9zQUnE2JHhjuf4=
github.com/aws/aws-sdk-go-v2/service/kms v1.18.14/go.mod h1:YXsIPYWyY7IDIXUxul8vMHFFvWvsb6e18bFmxpptaM0=
github.com/aws/aws-sdk-go-v2/service/lakeformation v1.17.6 h1:embVbrOBG/bg1gW02ttVzENUEsjKfhU+N6t8fAg/sfk=
github.com/aws/aws-sdk-go-v2/service/lakeformation v1.17.6/go.mod h1:OrANOodS0PFgzrAPOjGNIMrhE5frVNarvfDy5+TdHE8=
github.com/aws/aws-sdk-go-v2/service/lexmodelsv2 v1.25.1 h1:S1g24zjQ4fu4AMDsjqa9RFSHGf59P0S71CcW3PvhHu8=
github.com/aws/aws-sdk-go-v2/service/lexmodelsv2 v1.25.1/go.mod h1:5IXECRDrEeR/8Gba2MbBjKAkvw66pKn/Uy6Y5zPQHVI=
github.com/aws/aws-sdk-go-v2/service/location v1.19.1 h1:e2a0TzrgYuTmpew0P2dAs/eR1wCI0voYqhb63+wqb04=
github.com/aws/aws-sdk-go-v2/service/location v1.19.1/go.mod h1:XrEel1jdZm9EY/7Pgt10Dlz3vAXcyut51481Ka/dN+k=
github.com/aws/aws-sdk-go-v2/service/lookoutequipment v1.15.5 h1:cJlTwgDhnEjMuOuQPJukvsUXRERoy1QwzYrLY7KI4ak=
github.com/aws/aws-sdk-go-v2/service/lookoutequipment v1.15.5/go.mod h1:5Ko9OOyqSltq0YiZfTXbb+6WfenNTrKGJhGYWKAZ8Zw=
github.com/aws/aws-sdk-go-v2/service/lookoutmetrics v1.18.2 h1:vB8ioPpmcSXpQPyDWcKiYkDdgTzo80IxyaeIBBfXyo4=
github.com/aws/aws-sdk-go-v2/service/lookoutmetrics v1.18.2/go.mod h1:a6e8SzPCZG2sC1c3mCUbhqgmPt95K1IpOUAFrXyzxgE=
github.com/aws/aws-sdk-go-v2/service/lookoutvision v1.14.10 h1:qJ36BQ+cJ5eHaDe9H33ceauL18z/HnVxMWcr53jKoTA=
github.com/aws/aws-sdk-go-v2/service/lookoutvision v1.14.10/go.mod h1:LMPJPv/lcZH5wwHHuuXllCeD9DvrOpsc2K5VSOJ2IbY=
github.com/aws/aws-sdk-go-v2/service/machinelearning v1.14.18 h1:RwKT7S365KEgmKg02QAsmr1UrOIRFdZPe/TRweQZRlI=
github.com/aws/aws-sdk-go-v2/service/machinelearning v1.14.18/go.mod h1:rvG9M9fTpNQnBlcd9r2Sy1KqWEd/l4bhrQL0ip6vnaQ=
github.com/aws/aws-sdk-go-v2/service/macie2 v1.23.5 h1:7RP5hbzkUConfP2HKqg8Kz3nhVqxPOc15E08r66cYGM=
github.com/aws/aws-sdk-go-v2/service/macie2 v1.23.5/go.mod h1:PuGxvNw7QepTvPfyr9I6/dfmJ5/1dbFZWik6AXfGwT4=
github.com/aws/aws-sdk-go-v2/service/marketplacecatalog v1.13.10 h1:ipjb/7OOxlp5cHhHw+s6TzUOFKCBlxiXwXyVTv9yfsI=
github.com/aws/aws-sdk-go-v2/service/marketplacecatalog v1.13.10/go.mod h1:89ooSNh43mOqrGai+eLf3R5WSL5zm8i/PuCteXn6+3c=
github.com/aws/aws-sdk-go-v2/service/mediaconnect v1.17.2 h1:5OUTLfqc9P3oXvPzygt8tAxse5KKqsnJ6Hi5ILods8U=
github.com/aws/aws-sdk-go-v2/service/mediaconnect v1.17.2/go.mod h1:n9KXsXlk/fHvG0TJ8f6w3cAaE1bPmzjLJMmJDmUnETE=
github.com/aws/aws-sdk-go-v2/service/mediaconvert v1.26.1 h1:UxnlnDPIhphawmZ4jixGJK8RtLxu6EgYqOpogJ26BdY=
github.com/aws/aws-sdk-go-v2/service/mediaconvert v1.26.1/go.mod h1:mpLgsz26tvWUd556QaWtBRbF4VQ8hLeCEr6CgXKsgrQ=
github.com/aws/aws-sdk-go-v2/service/medialive v1.24.1 h1:aHsoN4yvYXrfoggiQ58webCblJ7eOhrbZuUExsyWuWo=
github.com/aws/aws-sdk-go-v2/service/medialive v1.24.1/go.mod h1:3XPW6mIgytBfUUGfmpruUUZQKfZWxMte3VjIRoBytVk=
github.com/aws/aws-sdk-go-v2/service/mediapackage v1.19.3 h1:PYg4foVdqYyHDHqPnNoC4BamBTdqiTQbsVyseNfqtgY=
github.com/aws/aws-sdk-go-v2/service/mediapackage v1.19.3/go.mod h1:Ak2T2jbFa+J18gllZQCzAbKbuvNaYHA1bMQCXzcPeH8=
github.com/aws/aws-sdk-go-v2/service/mediapackagevod v1.18.1 h1:2ENuI2WR921+aHpwuw7MUzXRZLgJzQdptkZSKVeVWAA=
github.com/aws/aws-sdk-go-v2/service/mediapackagevod v1.18.1/go.mod h1:NyDEEg62DFJErubhdWeJZ0q6LGsSU03Lv2ZsukF+dEY=
github.com/aws/aws-sdk-go-v2/service/mediastore v1.12.18 h1:drOikqBQymwD7sGwOnJ9a32iZQQwAoftYnRAgHVHt6U=
github.com/aws/aws-sdk-go-v2/service/mediastore v1.12.18/go.mod h1:n6+1KctErL77mA6SuWBsI02cSNR08YOUh50YLnWyBmI=
github.com/aws/aws-sdk-go-v2/service/mediastoredata v1.12.18 h1:6320ZMV9PGu21LPrYp9SwI/t6WOJRCPC2MCt/D5PXas=
github.com/aws/aws-sdk-go-v2/service/mediastoredata v1.12.18/go.mod h1:3icXdQlEV+yGYoD/E+d4LTFPJzF7N9prysKj0m1aUN0=
github.com/aws/aws-sdk-go-v2/service/mediatailor v1.17.15 h1:NtejYedyJhEsMZXCL3zxe9gsuQaoxFl9lSGdWMgYUac=
github.com/aws/aws-sdk-go-v2/service/mediatailor v1.17.15/go.mod h1:BsYDJMFK+IchpAN3e9uSXh7N3oeICIZ7LcB4INdAK0A=
github.com/aws/aws-sdk-go-v2/service/memorydb v1.9.19 h1:luHVLpHEGLtimJd1TZKJAN+JkBrq9NED25JAx3GJMrM=
github.com/aws/aws-sdk-go-v2/service/memorydb v1.9.19/go.mod h1:EAPOAMKSCEASL6m2TgniRggO1rzv29LDsupAX3crgC8=
github.com/aws/aws-sdk-go-v2/service/mgn v1.15.13 h1:RL++uFtN4lxK3oX7clz91hpJW2RZFE1R2ykUuHGsp6I=
github.com/aws/aws-sdk-go-v2/service/mgn v1.15.13/go.mod h1:+ZU/TjYLvYOG8hGEH45utpTmSd2DebtG8Dlo2MFdu1U=
github.com/aws/aws-sdk-go-v2/service/migrationhub v1.12.18 h1:fvGQJBTn3y6lVqFBZ4mc0rF0qEjGcRj8FAqh1JHi3N4=
github.com/aws/aws-sdk-go-v2/service/migrationhub v1.12.18/go.mod h1:xueMUklmflJ2REb+xvymfTUSMl6tdAtjfwrGA7OJ6W4=
github.com/aws/aws-sdk-go-v2/service/migrationhubconfig v1.12.18 h1:ap3I5HT0b2EbABwVxYs0DnWS/13sHY0QTQEX4/iH6JE=
github.com/aws/aws-sdk-go-v2/service/migrationhubconfig v1.12.18/go.mod h1:MvD6CmpZKOkamgKx9Vx3n3mET34H2C6DW+vlt1VcU68=
github.com/aws/aws-sdk-go-v2/service/mobile v1.11.18 h1:y3m70a5mKwQ6xsTX3McKGMRoiw0mZkhNcVexKAYupjs=
github.com/aws/aws-sdk-go-v2/service/mobile v1.11.18/go.mod h1:9bHpJnLhNPT+nEOjIUC1sBa1BVOld6GuO+qNZeQfNjA=
github.com/aws/aws-sdk-go-v2/service/mq v1.13.14 h1:0i4n097Ik7WQ1oTkZo9IrLbZTwPcuYCl8MuAj8iPIBE=
github.com/aws/aws-sdk-go-v2/service/mq v1.13.14/go.mod h1:U0nhz5K2dNuJt0M1u5V3ZXemj/vDrLBjfib/jidmrC0=
github.com/aws/aws-sdk-go-v2/service/neptune v1.17.13 h1:c4caVg15Z9MpOB/53Czh7WmQ3ud+geI5GuUBr6g+rf8=
github.com/aws/aws-sdk-go-v2/service/neptune v1.17.13/go.mod h1:cwaCvbcxEhl1PGyH85ffIPSbE3p1XiK1ixKPSK+O2VI=
github.com/aws/aws-sdk-go-v2/service/networkfirewall v1.20.2 h1:WpXJneFGoNlcF7/piM5PdA/rJK7GcVkXOj5ca/vvE3I=
github.com/aws/aws-sdk-go-v2/service/networkfirewall v1.20.2/go.mod h1:PFp60zlL/jvNnxgXLspate4xKGNYG0LYp9Qz68q9VSQ=
github.com/aws/aws-sdk-go-v2/service/networkmanager v1.15.6 h1:smVXW7EToW9G0nR4oRwRL8e3p5WTI8Wc+MbCg+DFgp8=
github.com/aws/aws-sdk-go-v2/service/networkmanager v1.15.6/go.mod h1:nG7lc3F5paPkS2RcSNSYxqKFz45YMEdBfsC2Px1Tn8E=
github.com/aws/aws-sdk-go-v2/service/opensearch v1.10.11 h1:u89ya2ACs2dIES6ZEVmR/USYIQyRIKd02Tzg3SWBvMM=
github.com/aws/aws-sdk-go-v2/service/opensearch v1.10.11/go.mod h1:hvZFaQNfjIe8IY6AtTQ+VrnNeUSSzac8MruzrC8Mdyc=
github.com/aws/aws-sdk-go-v2/service/opsworks v1.13.18 h1:Cajr9sRgSNLD4MLVvDYGeGmZoKJCNd1xmuImXC08Z3w=
github.com/aws/aws-sdk-go-v2/service/opsworks v1.13.18/go.mod h1:tzh7ppE6sKtNYY7v3rtGAfTJ01pwVsyHMzbyuCJoqA4=
github.com/aws/aws-sdk-go-v2/service/opsworkscm v1.14.18 h1:Yje6Iz9M77VEqLwqC9bE6oHJpB916WE9Ubr0UKE8bso=
github.com/aws/aws-sdk-go-v2/service/opsworkscm v1.14.18/go.mod h1:LAbRHdFYq/w3vgeReERezTR0KT0DrQX3KBETd2sTJDI=
github.com/aws/aws-sdk-go-v2/service/organizations v1.16.14 h1:T2PNSw5oDDCbQRoLPhDr46RV4ZbScQFyCz2mlgN+UJk=
github.com/aws/aws-sdk-go-v2/service/organizations v1.16.14/go.mod h1:wcG0IVZp7rqWiLpZivbXxcKxdx737mdIY8/rBVckSBw=
github.com/aws/aws-sdk-go-v2/service/panorama v1.9.1 h1:nX9sqJVxrSsfAhQNqjaCCZHsRSRErzETePERsiyAeyA=
github.com/aws/aws-sdk-go-v2/service/panorama v1.9.1/go.mod h1:RO4DWpk4YmVREFp6nGyc65cJrluTHW60QJ6xhw3+Zno=
github.com/aws/aws-sdk-go-v2/service/personalize v1.21.9 h1:PXUNei9qwa/OOkHxFc0oZbcDPzATAXqXmgCemzcEj9E=
github.com/aws/aws-sdk-go-v2/service/personalize v1.21.9/go.mod h1:dXmXikdyLa1c7u5lE7zQ3k+mIZJu4AVvl8dPalrE4FA=
github.com/aws/aws-sdk-go-v2/service/pi v1.15.2 h1:o7bfC0khJI4UWWaWGredBgUhRYH780XzVpAojrN99xA=
github.com/aws/aws-sdk-go-v2/service/pi v1.15.2/go.mod h1:IHgfBTHTQwcJdcuFb6u2aZ1uk+2Q/+H9Xr1soFYXV6c=
github.com/aws/aws-sdk-go-v2/service/pinpointsmsvoicev2 v1.0.16 h1:5Fw84hpEeRoYmEpayrcaPau42im/uyNiJ+YgSkbMIMQ=
github.com/aws/aws-sdk-go-v2/service/pinpointsmsvoicev2 v1.0.16/go.mod h1:H2TieeJrWoX1+1hjhuEkC6B2X9WQ8JSVaQephQpUcaw=
github.com/aws/aws-sdk-go-v2/service/polly v1.18.1 h1:7hZptFZJsz8T7xGJcruG9PLCw8FTnhdvpJ9jaD6kwBg=
github.com/aws/aws-sdk-go-v2/service/polly v1.18.1/go.mod h1:b9OLnTZKxZJzj2yUF7ZXu49ARS2MWKYrYhgceo1Y5fs=
github.com/aws/aws-sdk-go-v2/service/pricing v1.17.2 h1:ZdJjjjjT77payn74ASIc0QjyRcw7ebPU/5DySzmSlxw=
github.com/aws/aws-sdk-go-v2/service/pricing v1.17.2/go.mod h1:5QHhSh2ACSsIZ7U8hTDxAd1oWzjAnTeozc9u4kCcpPI=
github.com/aws/aws-sdk-go-v2/service/qldb v1.14.19 h1:cQOiewopZGZzcuWCYNZwRg5kHqIO8Efg2iU32YpdEnE=
github.com/aws/aws-sdk-go-v2/service/qldb v1.14.19/go.mod h1:TJKSkvT1FuMTaz1RSWe+FE5CbEo4zD8t70WMe9/tPSA=
github.com/aws/aws-sdk-go-v2/service/quicksight v1.26.1 h1:Am+Dtaraentk78o5j1rXKyGlhHmcFZT2Q8YwVFEW2ZQ=
github.com/aws/aws-sdk-go-v2/service/quicksight v1.26.1/go.mod h1:fF6NNCK81mqoIKGpGO5Ti/Xbig44vaU3yuhRIdVQFPY=
github.com/aws/aws-sdk-go-v2/service/rds v1.26.2 h1:LaB+pfXQeF55cZ2oy3nr+LP69jWu3bE7d5ZlHASCkEg=
github.com/aws/aws-sdk-go-v2/service/rds v1.26.2/go.mod h1:T6tL83PSrBmp0OE8bqJQ57lE77XbM2wqnUX4wEYXbGo=
github.com/aws/aws-sdk-go-v2/service/redshift v1.26.11 h1:5WmCi2iBdohig0NgEmOUfN/0FGedldV8ugz36pFsdBw=
github.com/aws/aws-sdk-go-v2/service/redshift v1.26.11/go.mod h1:CSJJQl0n8e5Z8uvBGJYmUeN/U9lxQubTljjcJBy1NXQ=
github.com/aws/aws-sdk-go-v2/service/redshiftdata v1.16.12 h1:2yGSVsr0S9X5MiN2LwWLMlgS7Lw+1swmllzai0vgfoo=
github.com/aws/aws-sdk-go-v2/service/redshiftdata v1.16.12/go.mod h1:XvNyClpojlv3FnSlQlsCnPrq+unF5vlaxpXlhw13od0=
github.com/aws/aws-sdk-go-v2/service/rekognition v1.20.6 h1:CSt+qeIOS997XD1OGIzlaDb4O9NTV1a/9HJRsvPiFT8=
github.com/aws/aws-sdk-go-v2/service/rekognition v1.20.6/go.mod h1:tQ0eXp9qExzcEFYpmpAUuX9mQzwVjkOG6WShlsZKHT8=
github.com/aws/aws-sdk-go-v2/service/resiliencehub v1.7.1 h1:62cSAz6ZbzYluU0JoSObxnV38y6xi+W2Pl7vxC1cGyQ=
github.com/aws/aws-sdk-go-v2/service/resiliencehub v1.7.1/go.mod h1:SH1Lj7H0HowiQMoi3ppUpP6SNHbtMJBrrqvQd9lO4Mg=
github.com/aws/aws-sdk-go-v2/service/resourcegroupstaggingapi v1.13.20 h1:eOsXUswNWvA1VQ7niGYjEqCcf5uAQBGx+SnZK216P14=
github.com/aws/aws-sdk-go-v2/service/resourcegroupstaggingapi v1.13.20/go.mod h1:+yOwSpDnUvb71cl23SK9+6lrvX/a94K7NDtgxip0UCo=
github.com/aws/aws-sdk-go-v2/service/robomaker v1.17.19 h1:cam0WbDzPgZT8y9T4W9L3ArJ/HGPOYSXHh6RGqLws+U=
github.com/aws/aws-sdk-go-v2/service/robomaker v1.17.19/go.mod h1:McekSqJKABBATgg7MEhze1+QQhkDa+uw9C6fCbzfO6g=
github.com/aws/aws-sdk-go-v2/service/route53recoverycontrolconfig v1.9.18 h1:Etmx/N+1L5FM3HbyllpQhuJqMzafLBVp6JwJNkICWPc=
github.com/aws/aws-sdk-go-v2/service/route53recoverycontrolconfig v1.9.18/go.mod h1:rYdSMYJt90t05MAutT3/0h2aK3yfkZEFBD4ukL2aSGM=
github.com/aws/aws-sdk-go-v2/service/s3control v1.24.1 h1:jbLHpO36ZckOwr+iry7CHrBmLFqR9e4ejJYvc3l9ZlU=
github.com/aws/aws-sdk-go-v2/service/s3control v1.24.1/go.mod h1:7QSwKItt5CX+6OSnGCcnjwe8Hc+EqJUi4Dyy0OLuyf0=
github.com/aws/aws-sdk-go-v2/service/sagemaker v1.49.0 h1:dOKYeKnDwDPQbtqrO321NuuSsYKMH42LMelBpVu9QL8=
github.com/aws/aws-sdk-go-v2/service/sagemaker v1.49.0/go.mod h1:Ipri3qPfCoriUVrQV7+WsS4SOaimPngGdhKfQI5+ktI=
github.com/aws/aws-sdk-go-v2/service/sagemakera2iruntime v1.14.2 h1:BxlbfOMBwyoK4I6mZgatBxALwaHDncHGoQagM4jB0Jo=
github.com/aws/aws-sdk-go-v2/service/sagemakera2iruntime v1.14.2/go.mod h1:1NNGFYivFlIk0KFsbqroBJxLicNPypH2YkR+yPgnFnA=
github.com/aws/aws-sdk-go-v2/service/savingsplans v1.11.18 h1:qnppNZRV8MYVCwV71IApxXUHlB5kVEGahG2FokjE7wA=
github.com/aws/aws-sdk-go-v2/service/savingsplans v1.11.18/go.mod h1:iQA12LRmuQyCqmhFWavh40kg9aLuY1dkIILibL6Vsfs=
github.com/aws/aws-sdk-go-v2/service/schemas v1.14.18 h1:KOYSAzhWj/cgFOXuX9Ty2x89CQnRSmJvvuKGwcWUJek=
github.com/aws/aws-sdk-go-v2/service/schemas v1.14.18/go.mod h1:IBZ6OetS7dIydvmiKWGIB6BbZRyDJ1Dch79tWaZHj7g=
github.com/aws/aws-sdk-go-v2/service/secretsmanager v1.16.3 h1:d5S+OhXne5O3cIo999RARy/N1dgXW2ldWgD53qbEAP4=
github.com/aws/aws-sdk-go-v2/service/secretsmanager v1.16.3/go.mod h1:+X/VSQcuvHPWPRlM64HoWUJAPwsD86KpU9Z52lrsodM=
github.com/aws/aws-sdk-go-v2/service/securityhub v1.23.6 h1:4e+PuNjT+jitVxFnrw7cTPfbU++EayF+brYjRUWNE08=
github.com/aws/aws-sdk-go-v2/service/securityhub v1.23.6/go.mod h1:X/tx3noq4hwhsL3h6bmJacAsA0t+knIm4dWFzg/vO1g=
github.com/aws/aws-sdk-go-v2/service/servicecatalog v1.14.18 h1:tKdRkhg1duhtxLcABWMcxydtGsLarR2xUZ6D8Hehvoo=
github.com/aws/aws-sdk-go-v2/service/servicecatalog v1.14.18/go.mod h1:4ijVqn4Dd+AEotLMAuXIbiO0WlOWUCZm86ZtJquTlkY=
github.com/aws/aws-sdk-go-v2/service/ses v1.14.19 h1:9YZZDlElSSmtiO237+/3cAjXYoghJuPcNt7DKRi9NeM=
github.com/aws/aws-sdk-go-v2/service/ses v1.14.19/go.mod h1:DCeIaRtPc6s6Vc0P3kr5zdDfEKzZj0PUxG2RANPHGEE=
github.com/aws/aws-sdk-go-v2/service/sfn v1.14.2 h1:rRc1mL5MGYqz0F9x6zDlvQ7vLadVYQUOY6CNZamOSvw=
github.com/aws/aws-sdk-go-v2/service/sfn v1.14.2/go.mod h1:3jdasu2X+gODfcl1T7T5PuhX7bxbvB0tVHrPRM4W+/o=
github.com/aws/aws-sdk-go-v2/service/shield v1.17.10 h1:/EGt4mRwUAY5a6z3TDH8sgWazimmG9jN5j00ICMZWSE=
github.com/aws/aws-sdk-go-v2/service/shield v1.17.10/go.mod h1:F/thyhrKfLqy5IKbTr0qnhXsbSSKL8kh229D+ATix1A=
github.com/aws/aws-sdk-go-v2/service/signer v1.13.18 h1:TjwB7L2x87cIDXGAaVcOYz4GiVSHaiy00+r5EbugerI=
github.com/aws/aws-sdk-go-v2/service/signer v1.13.18/go.mod h1:eGR8FPvByu9lhAu8WQRdoaFNKWHlMwfh5JSeHASF+d8=
github.com/aws/aws-sdk-go-v2/service/snowball v1.16.1 h1:BDIaGazJt7WT/4FOXYhIliDmSH5l9759tmpls/01JoM=
github.com/aws/aws-sdk-go-v2/service/snowball v1.16.1/go.mod h1:MCEEuZDkq7J+f5uYis3J2O2U+p6zfVC/NZi/BFUf5+g=
github.com/aws/aws-sdk-go-v2/service/snowdevicemanagement v1.8.18 h1:dlLZXSxGRWQTbz0vLkpIWirBKOrpQLKSEo3IcUqH17Q=
github.com/aws/aws-sdk-go-v2/service/snowdevicemanagement v1.8.18/go.mod h1:21Zt0pn3NoHUrYw28Wyb2lZVFZ9jvTXZ3iET5Z0KJDE=
github.com/aws/aws-sdk-go-v2/service/ssm v1.31.2 h1:yxazp4xlXCvS8sObRSy5KRS79kIUIwMlcaDjF+lZdyk=
github.com/aws/aws-sdk-go-v2/service/ssm v1.31.2/go.mod h1:NmcQpXx4wh1Gts8UckJ53JbU1WEyIWxNxZcRHounFoI=
github.com/aws/aws-sdk-go-v2/service/ssmcontacts v1.13.19 h1:hPSwwj6prItHq78zPwZVur1IvsS5SvPLxHodD5T6Zdg=
github.com/aws/aws-sdk-go-v2/service/ssmcontacts v1.13.19/go.mod h1:2p+2ngrhA+k0PIsx6GRqo2Vnr5TGsJiamvdduaUqJUM=
github.com/aws/aws-sdk-go-v2/service/sso v1.11.24 h1:tNfD0JI7VKcIcEzYeIAXCIr8qnoq6DACg3QRt50ofOY=
github.com/aws/aws-sdk-go-v2/service/sso v1.11.24/go.mod h1:7ZC+G3rX2IsGKIhiGDFiul7rgZPApvFy3dDJO7wKtno=
github.com/aws/aws-sdk-go-v2/service/ssoadmin v1.15.12 h1:ZPXjAohiAgemsXfkYFhUl49JjaC8TKau4Z/O6jVH9XA=
github.com/aws/aws-sdk-go-v2/service/ssoadmin v1.15.12/go.mod h1:DbfV9a6pkBLbD6o2JDY/Lu6vpuGhq9UR7/FqATTgD5g=
github.com/aws/aws-sdk-go-v2/service/ssooidc v1.13.7 h1:q2FDE8cl8rTPqgrTT0dF7xzIfGAwLMh2P+nU7F2CqVs=
github.com/aws/aws-sdk-go-v2/service/ssooidc v1.13.7/go.mod h1:sPh8yf7vmBOI/L9fqP55uq+T9WVoxnqrHMqyvgYC/gA=
github.com/aws/aws-sdk-go-v2/service/storagegateway v1.17.15 h1:iVoV9Vq3j/4iWPWOJgO3F9dwOtu2vBj3IhXH4QhNVNY=
github.com/aws/aws-sdk-go-v2/service/storagegateway v1.17.15/go.mod h1:IOZ96IsC6OkagCCO/JuYJ//jnSxKii5UodDXrNR6mkY=
github.com/aws/aws-sdk-go-v2/service/sts v1.17.0 h1:9S0HcZUxKcU3HdN+M6GgLIvdbg9as5aOoHrvwRsPNYU=
github.com/aws/aws-sdk-go-v2/service/sts v1.17.0/go.mod h1:9pZN58zQc5a4Dkdnhu/rI1lNBui1vP5B0giGCuUt2b0=
github.com/aws/aws-sdk-go-v2/service/support v1.13.18 h1:on1C4zFM1SvR8UdXJVJKiIBtJqaEB5I74heaZ6U1c10=
github.com/aws/aws-sdk-go-v2/service/support v1.13.18/go.mod h1:b9Y7NtG9cl76em5tYutIHhtz+9ovmhJqpOiVtZGh38A=
github.com/aws/aws-sdk-go-v2/service/swf v1.13.19 h1:7LoyLhOjvA+ozet0hlcniyOWr6WcsJ7AFGkzT2DRJt4=
github.com/aws/aws-sdk-go-v2/service/swf v1.13.19/go.mod h1:9XX9GPCrvXPXWku267PKOtOYkNYMoHeIn/tKRFidb68=
github.com/aws/aws-sdk-go-v2/service/synthetics v1.16.12 h1:JFBBsba32RhTNU7YPtUTsxCGq9rpV16872t9h2+wHgw=
github.com/aws/aws-sdk-go-v2/service/synthetics v1.16.12/go.mod h1:37/NT8eFoBmIg5k9HLjHMmb3VpOIEMTOjRK/j3znzGg=
github.com/aws/aws-sdk-go-v2/service/timestreamquery v1.14.18 h1:IlrSO/ju5Ijqzjv+BDbPJNnpLnFIdgbbpR7taLumrkw=
github.com/aws/aws-sdk-go-v2/service/timestreamquery v1.14.18/go.mod h1:vrnvH2bR/r8OQWkAKhJSnPMCBjWZYEKixW88Of/uk28=
github.com/aws/aws-sdk-go-v2/service/timestreamwrite v1.14.3 h1:BHiHw9bEuee7udGwL9SZZ1SMZ1D+8f2xjVKk6fx1rIo=
github.com/aws/aws-sdk-go-v2/service/timestreamwrite v1.14.3/go.mod h1:X9SdJ4Y08N8Z+KjQc3V90A7wP8XjeV5NqT0uZ0ExUR8=
github.com/aws/aws-sdk-go-v2/service/transcribe v1.21.10 h1:rhRRp1bYIhErf4DedED+JCST4EK/ov0jdFq3xZqFDno=
github.com/aws/aws-sdk-go-v2/service/transcribe v1.21.10/go.mod h1:JXk1MvM2yYdBYN5atT4yyA+dja93r69FePsvMnPELOE=
github.com/aws/aws-sdk-go-v2/service/transfer v1.23.1 h1:Sw1/pj4YeAE9pFg9o4i0Dq/fY8lHLDSFFsfd/weVt+Y=
github.com/aws/aws-sdk-go-v2/service/transfer v1.23.1/go.mod h1:p0EXnyaJITgaWf0R7CPd+ZKXor35ijY8ZC0EpBx6fck=
github.com/aws/aws-sdk-go-v2/service/translate v1.15.2 h1:Ez1IrmhL7nuK7bOWRuRl7lDH0I5uY8klA5srnBJ34M4=
github.com/aws/aws-sdk-go-v2/service/translate v1.15.2/go.mod h1:AEa0bIkWZUZT8V/BzgVHL/YtuwsxH00fGzG7kq5/HVA=
github.com/aws/aws-sdk-go-v2/service/voiceid v1.11.5 h1:qzJTKOFxWSJpPnUaSIRnKX/SWQio1xRPi9z3DEplxt8=
github.com/aws/aws-sdk-go-v2/service/voiceid v1.11.5/go.mod h1:DTatslWOK7rpk8dToXx6QeUHdWJy8Zx0NzbGKqdN17c=
github.com/aws/aws-sdk-go-v2/service/wafv2 v1.22.10 h1:CI4gILAt2Iu+JI+T6fz7HVvZVFk5X6LMTZpglyzj2t0=
github.com/aws/aws-sdk-go-v2/service/wafv2 v1.22.10/go.mod h1:oy9uW/R7ZcCuFK9QPXZYWVeLKcKZc2eiKg+KHQt4Dos=
github.com/aws/aws-sdk-go-v2/service/workdocs v1.11.18 h1:doiHBbUKBASX/p5Hw3ZM/NcosDibOJ5sUI78HsPoMpQ=
github.com/aws/aws-sdk-go-v2/service/workdocs v1.11.18/go.mod h1:3AvNSOU28IS/zrSvJHq2BOvWaSttjL3zknXDxX76j5M=
github.com/aws/aws-sdk-go-v2/service/worklink v1.12.15 h1:8TOrFVBcOJvH/XGtKQWJPfKys/Fbd2t1RNrBQozZhMA=
github.com/aws/aws-sdk-go-v2/service/worklink v1.12.15/go.mod h1:wSLfQ5jA0QNWisJPjz/GyJPhnf76CZY40oK4mXqDu6o=
github.com/aws/aws-sdk-go-v2/service/workmail v1.17.1 h1:y6YG0suJ4Jg7ctjCpDHNr4EbiIOFcdEVN3MLtTWCM4Q=
github.com/aws/aws-sdk-go-v2/service/workmail v1.17.1/go.mod h1:hw9BE8HWg+aw1Ac+56vR3tIjav05ylTaEs+wmIAkrJU=
github.com/aws/aws-sdk-go-v2/service/workspaces v1.23.1 h1:ZZuc92K3n3P0rpSVgg9vZra8yKmnismrOpPeqRJe1ko=
github.com/aws/aws-sdk-go-v2/service/workspaces v1.23.1/go.mod h1:3urbQcPRuu/1GebKOFZIsQ+UAqjQPl3PZz1iJ51aD/8=
github.com/aws/smithy-go v1.13.3 h1:l7LYxGuzK6/K+NzJ2mC+VvLUbae0sL3bXU//04MkmnA=
github.com/aws/smithy-go v1.13.3/go.mod h1:Tg+OJXh4MB2R/uN61Ko2f6hTZwB/ZYGOtib8J3gBHzA=
github.com/davecgh/go-spew v1.1.0/go.mod h1:J7Y8YcW2NihsgmVo/mv3lAwl/skON4iLHjSsI+c5H38=
github.com/davecgh/go-spew v1.1.1 h1:vj9j/u1bqnvCEfJOwUhtlOARqs3+rkHYY13jYWTU97c=
github.com/davecgh/go-spew v1.1.1/go.mod h1:J7Y8YcW2NihsgmVo/mv3lAwl/skON4iLHjSsI+c5H38=
github.com/google/go-cmp v0.5.8 h1:e6P7q2lk1O+qJJb4BtCQXlK8vWEO8V1ZeuEdJNOqZyg=
github.com/google/go-cmp v0.5.8/go.mod h1:17dUlkBOakJ0+DkrSSNjCkIjxS6bF9zb3elmeNGIjoY=
github.com/jmespath/go-jmespath v0.4.0 h1:BEgLn5cpjn8UN1mAw4NjwDrS35OdebyEtFe+9YPoQUg=
github.com/jmespath/go-jmespath v0.4.0/go.mod h1:T8mJZnbsbmF+m6zOOFylbeCJqk5+pHWvzYPziyZiYoo=
github.com/jmespath/go-jmespath/internal/testify v1.5.1 h1:shLQSRRSCCPj3f2gpwzGwWFoC7ycTf1rcQZHOlsJ6N8=
github.com/jmespath/go-jmespath/internal/testify v1.5.1/go.mod h1:L3OGu8Wl2/fWfCI6z80xFu9LTZmf1ZRjMHUOPmWr69U=
github.com/lib/pq v1.10.7 h1:p7ZhMD+KsSRozJr34udlUrhboJwWAgCg34+/ZZNvZZw=
github.com/lib/pq v1.10.7/go.mod h1:AlVN5x4E4T544tWzH6hKfbfQvm3HdbOxrmggDNAPY9o=
github.com/pmezard/go-difflib v1.0.0 h1:4DBwDE0NGyQoBHbLQYPwSUPoCMWR5BEzIk/f1lZbAQM=
github.com/pmezard/go-difflib v1.0.0/go.mod h1:iKH77koFhYxTK1pcRnkKkqfTogsbg7gZNVY4sRDYZ/4=
github.com/stretchr/objx v0.1.0/go.mod h1:HFkY916IF+rwdDfMAkV7OtwuqBVzrE8GR6GFx+wExME=
gopkg.in/check.v1 v0.0.0-20161208181325-20d25e280405/go.mod h1:Co6ibVJAznAaIkqp8huTwlJQCZ016jof/cbN4VW5Yz0=
gopkg.in/yaml.v2 v2.2.8 h1:obN1ZagJSUGI0Ek/LBmuj4SNLPfIny3KsKFopxRdj10=
gopkg.in/yaml.v2 v2.2.8/go.mod h1:hI93XBmqTisBFMUTm0b8Fm+jr3Dg1NNxqwp+5A1VGuI=
